<?xml version="1.0" encoding="utf-8"?>
<Project ToolsVersion="4.0" xmlns="http://schemas.microsoft.com/developer/msbuild/2003">
  <ItemGroup>
    <ClCompile Include="libevent-1.4.13-stable\sample\event-test.c">
      <Filter>SourceFile\sample</Filter>
    </ClCompile>
    <ClCompile Include="libevent-1.4.13-stable\sample\time-test.c">
      <Filter>SourceFile\sample</Filter>
    </ClCompile>
    <ClCompile Include="libevent-1.4.13-stable\sample\signal-test.c">
      <Filter>SourceFile\sample</Filter>
    </ClCompile>
    <ClCompile Include="libevent-1.4.13-stable\test\bench.c">
      <Filter>SourceFile\test</Filter>
    </ClCompile>
    <ClCompile Include="libevent-1.4.13-stable\test\regress.c">
      <Filter>SourceFile\test</Filter>
    </ClCompile>
    <ClCompile Include="libevent-1.4.13-stable\test\regress.gen.c">
      <Filter>SourceFile\test</Filter>
    </ClCompile>
    <ClCompile Include="libevent-1.4.13-stable\test\regress_dns.c">
      <Filter>SourceFile\test</Filter>
    </ClCompile>
    <ClCompile Include="libevent-1.4.13-stable\test\regress_http.c">
      <Filter>SourceFile\test</Filter>
    </ClCompile>
    <ClCompile Include="libevent-1.4.13-stable\test\regress_rpc.c">
      <Filter>SourceFile\test</Filter>
    </ClCompile>
    <ClCompile Include="libevent-1.4.13-stable\test\test-eof.c">
      <Filter>SourceFile\test</Filter>
    </ClCompile>
    <ClCompile Include="libevent-1.4.13-stable\test\test-init.c">
      <Filter>SourceFile\test</Filter>
    </ClCompile>
    <ClCompile Include="libevent-1.4.13-stable\test\test-time.c">
      <Filter>SourceFile\test</Filter>
    </ClCompile>
    <ClCompile Include="libevent-1.4.13-stable\test\test-weof.c">
      <Filter>SourceFile\test</Filter>
    </ClCompile>
    <ClCompile Include="libevent-1.4.13-stable\buffer.c">
      <Filter>SourceFile</Filter>
    </ClCompile>
    <ClCompile Include="libevent-1.4.13-stable\devpoll.c">
      <Filter>SourceFile</Filter>
    </ClCompile>
    <ClCompile Include="libevent-1.4.13-stable\epoll.c">
      <Filter>SourceFile</Filter>
    </ClCompile>
    <ClCompile Include="libevent-1.4.13-stable\epoll_sub.c">
      <Filter>SourceFile</Filter>
    </ClCompile>
    <ClCompile Include="libevent-1.4.13-stable\evbuffer.c">
      <Filter>SourceFile</Filter>
    </ClCompile>
    <ClCompile Include="libevent-1.4.13-stable\evdns.c">
      <Filter>SourceFile</Filter>
    </ClCompile>
    <ClCompile Include="libevent-1.4.13-stable\event.c">
      <Filter>SourceFile</Filter>
    </ClCompile>
    <ClCompile Include="libevent-1.4.13-stable\event_tagging.c">
      <Filter>SourceFile</Filter>
    </ClCompile>
    <ClCompile Include="libevent-1.4.13-stable\evport.c">
      <Filter>SourceFile</Filter>
    </ClCompile>
    <ClCompile Include="libevent-1.4.13-stable\evrpc.c">
      <Filter>SourceFile</Filter>
    </ClCompile>
    <ClCompile Include="libevent-1.4.13-stable\evutil.c">
      <Filter>SourceFile</Filter>
    </ClCompile>
    <ClCompile Include="libevent-1.4.13-stable\http.c">
      <Filter>SourceFile</Filter>
    </ClCompile>
    <ClCompile Include="libevent-1.4.13-stable\kqueue.c">
      <Filter>SourceFile</Filter>
    </ClCompile>
    <ClCompile Include="libevent-1.4.13-stable\log.c">
      <Filter>SourceFile</Filter>
    </ClCompile>
    <ClCompile Include="libevent-1.4.13-stable\poll.c">
      <Filter>SourceFile</Filter>
    </ClCompile>
    <ClCompile Include="libevent-1.4.13-stable\select.c">
      <Filter>SourceFile</Filter>
    </ClCompile>
    <ClCompile Include="libevent-1.4.13-stable\signal.c">
      <Filter>SourceFile</Filter>
    </ClCompile>
    <ClCompile Include="libevent-1.4.13-stable\strlcpy.c">
      <Filter>SourceFile</Filter>
    </ClCompile>
  </ItemGroup>
  <ItemGroup>
    <ClInclude Include="libevent-1.4.13-stable\test\regress.gen.h">
      <Filter>SourceFile\test</Filter>
    </ClInclude>
    <ClInclude Include="libevent-1.4.13-stable\test\regress.h">
      <Filter>SourceFile\test</Filter>
    </ClInclude>
    <ClInclude Include="libevent-1.4.13-stable\evdns.h">
      <Filter>HeadFile</Filter>
    </ClInclude>
    <ClInclude Include="libevent-1.4.13-stable\event.h">
      <Filter>HeadFile</Filter>
    </ClInclude>
    <ClInclude Include="libevent-1.4.13-stable\event-internal.h">
      <Filter>HeadFile</Filter>
    </ClInclude>
    <ClInclude Include="libevent-1.4.13-stable\evhttp.h">
      <Filter>HeadFile</Filter>
    </ClInclude>
    <ClInclude Include="libevent-1.4.13-stable\evrpc.h">
      <Filter>HeadFile</Filter>
    </ClInclude>
    <ClInclude Include="libevent-1.4.13-stable\evrpc-internal.h">
      <Filter>HeadFile</Filter>
    </ClInclude>
    <ClInclude Include="libevent-1.4.13-stable\evsignal.h">
      <Filter>HeadFile</Filter>
    </ClInclude>
    <ClInclude Include="libevent-1.4.13-stable\evutil.h">
      <Filter>HeadFile</Filter>
    </ClInclude>
    <ClInclude Include="libevent-1.4.13-stable\http-internal.h">
      <Filter>HeadFile</Filter>
    </ClInclude>
    <ClInclude Include="libevent-1.4.13-stable\log.h">
      <Filter>HeadFile</Filter>
    </ClInclude>
    <ClInclude Include="libevent-1.4.13-stable\min_heap.h">
      <Filter>HeadFile</Filter>
    </ClInclude>
    <ClInclude Include="libevent-1.4.13-stable\strlcpy-internal.h">
      <Filter>HeadFile</Filter>
    </ClInclude>
  </ItemGroup>
  <ItemGroup>
    <None Include="libevent-1.4.13-stable\sample\Makefile.am">
      <Filter>SourceFile\sample</Filter>
    </None>
    <None Include="libevent-1.4.13-stable\sample\Makefile.in">
      <Filter>SourceFile\sample</Filter>
    </None>
    <None Include="libevent-1.4.13-stable\test\Makefile.in">
      <Filter>SourceFile\test</Filter>
    </None>
    <None Include="libevent-1.4.13-stable\test\Makefile.am">
      <Filter>SourceFile\test</Filter>
    </None>
    <None Include="libevent-1.4.13-stable\test\regress.rpc">
      <Filter>SourceFile\test</Filter>
    </None>
    <None Include="libevent-1.4.13-stable\test\test.sh">
      <Filter>SourceFile\test</Filter>
    </None>
  </ItemGroup>
  <ItemGroup>
    <Filter Include="HeadFile">
      <UniqueIdentifier>{f8267075-3dd6-47e0-a294-3e8cc4d72a09}</UniqueIdentifier>
    </Filter>
    <Filter Include="SourceFile">
      <UniqueIdentifier>{66ec8d40-4354-44c0-a24d-221b34e8574b}</UniqueIdentifier>
    </Filter>
    <Filter Include="SourceFile\test">
      <UniqueIdentifier>{c10c7e05-ee03-4bb5-b1bb-a56ca2fa5453}</UniqueIdentifier>
    </Filter>
    <Filter Include="SourceFile\sample">
      <UniqueIdentifier>{58aed533-c22f-4aa4-a54b-06ff2d408946}</UniqueIdentifier>
    </Filter>
  </ItemGroup>
</Project>