
Microsoft Visual Studio Solution File, Format Version 12.00
# Visual Studio 2013
VisualStudioVersion = 12.0.30501.0
MinimumVisualStudioVersion = 10.0.40219.1
Project("{8BC9CEB8-8B4A-11D0-8D11-00A0C91BC942}") = "libevent_0.1", "libevent\libevent.vcxproj", "{BB84AA3C-26E6-421B-B27D-7C775B08D20E}"
EndProject
Project("{8BC9CEB8-8B4A-11D0-8D11-00A0C91BC942}") = "libevent_2.0.22", "libevent_2.0.22\libevent_2.0.22.vcxproj", "{089E6B39-4D12-44A4-915E-B393CF47F972}"
EndProject
Project("{8BC9CEB8-8B4A-11D0-8D11-00A0C91BC942}") = "libevent_1.4.13", "libevent_1.4.13\libevent_1.4.13.vcxproj", "{AADA445D-C149-4EE7-8239-D356BE4EE1E4}"
EndProject
Global
	GlobalSection(SolutionConfigurationPlatforms) = preSolution
		Debug|Win32 = Debug|Win32
		Release|Win32 = Release|Win32
	EndGlobalSection
	GlobalSection(ProjectConfigurationPlatforms) = postSolution
		{BB84AA3C-26E6-421B-B27D-7C775B08D20E}.Debug|Win32.ActiveCfg = Debug|Win32
		{BB84AA3C-26E6-421B-B27D-7C775B08D20E}.Debug|Win32.Build.0 = Debug|Win32
		{BB84AA3C-26E6-421B-B27D-7C775B08D20E}.Release|Win32.ActiveCfg = Release|Win32
		{BB84AA3C-26E6-421B-B27D-7C775B08D20E}.Release|Win32.Build.0 = Release|Win32
		{089E6B39-4D12-44A4-915E-B393CF47F972}.Debug|Win32.ActiveCfg = Debug|Win32
		{089E6B39-4D12-44A4-915E-B393CF47F972}.Debug|Win32.Build.0 = Debug|Win32
		{089E6B39-4D12-44A4-915E-B393CF47F972}.Release|Win32.ActiveCfg = Release|Win32
		{089E6B39-4D12-44A4-915E-B393CF47F972}.Release|Win32.Build.0 = Release|Win32
		{AADA445D-C149-4EE7-8239-D356BE4EE1E4}.Debug|Win32.ActiveCfg = Debug|Win32
		{AADA445D-C149-4EE7-8239-D356BE4EE1E4}.Debug|Win32.Build.0 = Debug|Win32
		{AADA445D-C149-4EE7-8239-D356BE4EE1E4}.Release|Win32.ActiveCfg = Release|Win32
		{AADA445D-C149-4EE7-8239-D356BE4EE1E4}.Release|Win32.Build.0 = Release|Win32
	EndGlobalSection
	GlobalSection(SolutionProperties) = preSolution
		HideSolutionNode = FALSE
	EndGlobalSection
EndGlobal
