<?xml version="1.0" encoding="utf-8"?>
<Project ToolsVersion="4.0" xmlns="http://schemas.microsoft.com/developer/msbuild/2003">
  <ItemGroup>
    <ClCompile Include="arc4random.c">
      <Filter>SourceFile</Filter>
    </ClCompile>
    <ClCompile Include="buffer.c">
      <Filter>SourceFile</Filter>
    </ClCompile>
    <ClCompile Include="buffer_iocp.c">
      <Filter>SourceFile</Filter>
    </ClCompile>
    <ClCompile Include="bufferevent.c">
      <Filter>SourceFile</Filter>
    </ClCompile>
    <ClCompile Include="bufferevent_async.c">
      <Filter>SourceFile</Filter>
    </ClCompile>
    <ClCompile Include="bufferevent_filter.c">
      <Filter>SourceFile</Filter>
    </ClCompile>
    <ClCompile Include="bufferevent_openssl.c">
      <Filter>SourceFile</Filter>
    </ClCompile>
    <ClCompile Include="bufferevent_pair.c">
      <Filter>SourceFile</Filter>
    </ClCompile>
    <ClCompile Include="bufferevent_ratelim.c">
      <Filter>SourceFile</Filter>
    </ClCompile>
    <ClCompile Include="bufferevent_sock.c">
      <Filter>SourceFile</Filter>
    </ClCompile>
    <ClCompile Include="devpoll.c">
      <Filter>SourceFile</Filter>
    </ClCompile>
    <ClCompile Include="epoll.c">
      <Filter>SourceFile</Filter>
    </ClCompile>
    <ClCompile Include="epoll_sub.c">
      <Filter>SourceFile</Filter>
    </ClCompile>
    <ClCompile Include="evdns.c">
      <Filter>SourceFile</Filter>
    </ClCompile>
    <ClCompile Include="event.c">
      <Filter>SourceFile</Filter>
    </ClCompile>
    <ClCompile Include="event_iocp.c">
      <Filter>SourceFile</Filter>
    </ClCompile>
    <ClCompile Include="event_tagging.c">
      <Filter>SourceFile</Filter>
    </ClCompile>
    <ClCompile Include="evmap.c">
      <Filter>SourceFile</Filter>
    </ClCompile>
    <ClCompile Include="evport.c">
      <Filter>SourceFile</Filter>
    </ClCompile>
    <ClCompile Include="evrpc.c">
      <Filter>SourceFile</Filter>
    </ClCompile>
    <ClCompile Include="evthread.c">
      <Filter>SourceFile</Filter>
    </ClCompile>
    <ClCompile Include="evthread_pthread.c">
      <Filter>SourceFile</Filter>
    </ClCompile>
    <ClCompile Include="evthread_win32.c">
      <Filter>SourceFile</Filter>
    </ClCompile>
    <ClCompile Include="evutil.c">
      <Filter>SourceFile</Filter>
    </ClCompile>
    <ClCompile Include="evutil_rand.c">
      <Filter>SourceFile</Filter>
    </ClCompile>
    <ClCompile Include="http.c">
      <Filter>SourceFile</Filter>
    </ClCompile>
    <ClCompile Include="kqueue.c">
      <Filter>SourceFile</Filter>
    </ClCompile>
    <ClCompile Include="listener.c">
      <Filter>SourceFile</Filter>
    </ClCompile>
    <ClCompile Include="log.c">
      <Filter>SourceFile</Filter>
    </ClCompile>
    <ClCompile Include="poll.c">
      <Filter>SourceFile</Filter>
    </ClCompile>
    <ClCompile Include="select.c">
      <Filter>SourceFile</Filter>
    </ClCompile>
    <ClCompile Include="signal.c">
      <Filter>SourceFile</Filter>
    </ClCompile>
    <ClCompile Include="strlcpy.c">
      <Filter>SourceFile</Filter>
    </ClCompile>
    <ClCompile Include="win32select.c">
      <Filter>SourceFile</Filter>
    </ClCompile>
  </ItemGroup>
  <ItemGroup>
    <ClInclude Include="bufferevent-internal.h">
      <Filter>HeadFile</Filter>
    </ClInclude>
    <ClInclude Include="changelist-internal.h">
      <Filter>HeadFile</Filter>
    </ClInclude>
    <ClInclude Include="defer-internal.h">
      <Filter>HeadFile</Filter>
    </ClInclude>
    <ClInclude Include="evbuffer-internal.h">
      <Filter>HeadFile</Filter>
    </ClInclude>
    <ClInclude Include="evdns.h">
      <Filter>HeadFile</Filter>
    </ClInclude>
    <ClInclude Include="event.h">
      <Filter>HeadFile</Filter>
    </ClInclude>
    <ClInclude Include="event-internal.h">
      <Filter>HeadFile</Filter>
    </ClInclude>
    <ClInclude Include="evhttp.h">
      <Filter>HeadFile</Filter>
    </ClInclude>
    <ClInclude Include="evmap-internal.h">
      <Filter>HeadFile</Filter>
    </ClInclude>
    <ClInclude Include="evrpc.h">
      <Filter>HeadFile</Filter>
    </ClInclude>
    <ClInclude Include="evrpc-internal.h">
      <Filter>HeadFile</Filter>
    </ClInclude>
    <ClInclude Include="evsignal-internal.h">
      <Filter>HeadFile</Filter>
    </ClInclude>
    <ClInclude Include="evthread-internal.h">
      <Filter>HeadFile</Filter>
    </ClInclude>
    <ClInclude Include="evutil.h">
      <Filter>HeadFile</Filter>
    </ClInclude>
    <ClInclude Include="ht-internal.h">
      <Filter>HeadFile</Filter>
    </ClInclude>
    <ClInclude Include="http-internal.h">
      <Filter>HeadFile</Filter>
    </ClInclude>
    <ClInclude Include="iocp-internal.h">
      <Filter>HeadFile</Filter>
    </ClInclude>
    <ClInclude Include="ipv6-internal.h">
      <Filter>HeadFile</Filter>
    </ClInclude>
    <ClInclude Include="log-internal.h">
      <Filter>HeadFile</Filter>
    </ClInclude>
    <ClInclude Include="minheap-internal.h">
      <Filter>HeadFile</Filter>
    </ClInclude>
    <ClInclude Include="mm-internal.h">
      <Filter>HeadFile</Filter>
    </ClInclude>
    <ClInclude Include="ratelim-internal.h">
      <Filter>HeadFile</Filter>
    </ClInclude>
    <ClInclude Include="resource.h">
      <Filter>HeadFile</Filter>
    </ClInclude>
    <ClInclude Include="strlcpy-internal.h">
      <Filter>HeadFile</Filter>
    </ClInclude>
    <ClInclude Include="util-internal.h">
      <Filter>HeadFile</Filter>
    </ClInclude>
  </ItemGroup>
  <ItemGroup>
    <Filter Include="HeadFile">
      <UniqueIdentifier>{62ac1fb9-95ad-4576-99b6-e99aaa201087}</UniqueIdentifier>
    </Filter>
    <Filter Include="SourceFile">
      <UniqueIdentifier>{ea09976d-8f77-4e09-86ae-d43a9b29a697}</UniqueIdentifier>
    </Filter>
  </ItemGroup>
</Project>